PODS:
  - Alamofire (4.0.1)
  - JSQMessagesViewController (7.3.4):
    - JSQSystemSoundPlayer (~> 2.0.1)
  - JSQSystemSoundPlayer (2.0.1)
  - Socket.IO-Client-Swift (8.1.2)
  - SVProgressHUD (2.0.3)
  - SwiftyJSON (3.1.1)
  - UIColor_Hex_Swift (3.0.2)

DEPENDENCIES:
  - Alamofire (~> 4.0)
  - JSQMessagesViewController
  - Socket.IO-Client-Swift (~> 8.1.2)
  - SVProgressHUD
  - SwiftyJSON
  - UIColor_Hex_Swift (~> 3.0.2)

SPEC CHECKSUMS:
  Alamofire: 7682d43245de14874acd142ec137b144aa1dd335
  JSQMessagesViewController: 39fed975e3c9f8eba7292071e29eeb541d105e66
  JSQSystemSoundPlayer: c5850e77a4363ffd374cd851154b9af93264ed8d
  Socket.IO-Client-Swift: 542d82e6708f9901b3f6c1d134fb60fa0d09d4d1
  SVProgressHUD: b0830714205bea1317ea1a2ebc71e5633af334d4
  SwiftyJSON: f0be2e604f83e8405a624e9f891898bf6ed4e019
  UIColor_Hex_Swift: 95f718452092a3efc8a827dffd2c04d3237be02d

PODFILE CHECKSUM: 77845e604b383fdf33917a91270080d0e885611b

COCOAPODS: 1.1.1
